
Microsoft Visual Studio Solution File, Format Version 12.00
# Visual Studio Version 16
VisualStudioVersion = 16.0.31515.178
MinimumVisualStudioVersion = 10.0.40219.1
Project("{FAE04EC0-301F-11D3-BF4B-00C04F79EFBC}") = "PrivatnaKlinika", "PrivatnaKlinika\PrivatnaKlinika.csproj", "{5ECC3D6A-450D-4742-9F64-AEEA6DD91EA5}"
EndProject
Project("{FAE04EC0-301F-11D3-BF4B-00C04F79EFBC}") = "UnitTestovi", "UnitTestovi\UnitTestovi.csproj", "{A1240D74-7B85-419E-B6BF-B57C8FB106A1}"
EndProject
Global
	GlobalSection(SolutionConfigurationPlatforms) = preSolution
		Debug|Any CPU = Debug|Any CPU
		Release|Any CPU = Release|Any CPU
	EndGlobalSection
	GlobalSection(ProjectConfigurationPlatforms) = postSolution
		{5ECC3D6A-450D-4742-9F64-AEEA6DD91EA5}.Debug|Any CPU.ActiveCfg = Debug|Any CPU
		{5ECC3D6A-450D-4742-9F64-AEEA6DD91EA5}.Debug|Any CPU.Build.0 = Debug|Any CPU
		{5ECC3D6A-450D-4742-9F64-AEEA6DD91EA5}.Release|Any CPU.ActiveCfg = Release|Any CPU
		{5ECC3D6A-450D-4742-9F64-AEEA6DD91EA5}.Release|Any CPU.Build.0 = Release|Any CPU
		{A1240D74-7B85-419E-B6BF-B57C8FB106A1}.Debug|Any CPU.ActiveCfg = Debug|Any CPU
		{A1240D74-7B85-419E-B6BF-B57C8FB106A1}.Debug|Any CPU.Build.0 = Debug|Any CPU
		{A1240D74-7B85-419E-B6BF-B57C8FB106A1}.Release|Any CPU.ActiveCfg = Release|Any CPU
		{A1240D74-7B85-419E-B6BF-B57C8FB106A1}.Release|Any CPU.Build.0 = Release|Any CPU
	EndGlobalSection
	GlobalSection(SolutionProperties) = preSolution
		HideSolutionNode = FALSE
	EndGlobalSection
	GlobalSection(ExtensibilityGlobals) = postSolution
		SolutionGuid = {8D50B356-3EAD-4768-93A9-14737DE69FE4}
	EndGlobalSection
EndGlobal
