
Microsoft Visual Studio Solution File, Format Version 12.00
# Visual Studio Version 16
VisualStudioVersion = 16.0.29728.190
MinimumVisualStudioVersion = 10.0.40219.1
Project("{FAE04EC0-301F-11D3-BF4B-00C04F79EFBC}") = "Striparnica", "Striparnica.csproj", "{08D24D61-0053-44B4-BAD4-D2972E06C79A}"
EndProject
Global
	GlobalSection(SolutionConfigurationPlatforms) = preSolution
		Debug|Any CPU = Debug|Any CPU
		Release|Any CPU = Release|Any CPU
	EndGlobalSection
	GlobalSection(ProjectConfigurationPlatforms) = postSolution
		{08D24D61-0053-44B4-BAD4-D2972E06C79A}.Debug|Any CPU.ActiveCfg = Debug|Any CPU
		{08D24D61-0053-44B4-BAD4-D2972E06C79A}.Debug|Any CPU.Build.0 = Debug|Any CPU
		{08D24D61-0053-44B4-BAD4-D2972E06C79A}.Release|Any CPU.ActiveCfg = Release|Any CPU
		{08D24D61-0053-44B4-BAD4-D2972E06C79A}.Release|Any CPU.Build.0 = Release|Any CPU
	EndGlobalSection
	GlobalSection(SolutionProperties) = preSolution
		HideSolutionNode = FALSE
	EndGlobalSection
	GlobalSection(ExtensibilityGlobals) = postSolution
		SolutionGuid = {84FA0A38-0D24-42E3-953A-D31D322DCF90}
	EndGlobalSection
EndGlobal
