
Microsoft Visual Studio Solution File, Format Version 12.00
# Visual Studio 2012
Project("{FAE04EC0-301F-11D3-BF4B-00C04F79EFBC}") = "ZivotinjskoCarstvo", "ZivotinjskoCarstvo\ZivotinjskoCarstvo.csproj", "{08ED21F0-5C03-4CF3-A8EE-7DE372A00614}"
EndProject
Global
	GlobalSection(SolutionConfigurationPlatforms) = preSolution
		Debug|Any CPU = Debug|Any CPU
		Release|Any CPU = Release|Any CPU
	EndGlobalSection
	GlobalSection(ProjectConfigurationPlatforms) = postSolution
		{08ED21F0-5C03-4CF3-A8EE-7DE372A00614}.Debug|Any CPU.ActiveCfg = Debug|Any CPU
		{08ED21F0-5C03-4CF3-A8EE-7DE372A00614}.Debug|Any CPU.Build.0 = Debug|Any CPU
		{08ED21F0-5C03-4CF3-A8EE-7DE372A00614}.Release|Any CPU.ActiveCfg = Release|Any CPU
		{08ED21F0-5C03-4CF3-A8EE-7DE372A00614}.Release|Any CPU.Build.0 = Release|Any CPU
	EndGlobalSection
	GlobalSection(SolutionProperties) = preSolution
		HideSolutionNode = FALSE
	EndGlobalSection
EndGlobal
