
Microsoft Visual Studio Solution File, Format Version 12.00
# Visual Studio Version 16
VisualStudioVersion = 16.0.31515.178
MinimumVisualStudioVersion = 10.0.40219.1
Project("{9A19103F-16F7-4668-BE54-9A1E7A4F7556}") = "WhiteBoxTestiranje", "WhiteBoxTestiranje\WhiteBoxTestiranje.csproj", "{8BA5C3CD-0670-405C-98DE-82C58D499DC3}"
EndProject
Global
	GlobalSection(SolutionConfigurationPlatforms) = preSolution
		Debug|Any CPU = Debug|Any CPU
		Release|Any CPU = Release|Any CPU
	EndGlobalSection
	GlobalSection(ProjectConfigurationPlatforms) = postSolution
		{8BA5C3CD-0670-405C-98DE-82C58D499DC3}.Debug|Any CPU.ActiveCfg = Debug|Any CPU
		{8BA5C3CD-0670-405C-98DE-82C58D499DC3}.Debug|Any CPU.Build.0 = Debug|Any CPU
		{8BA5C3CD-0670-405C-98DE-82C58D499DC3}.Release|Any CPU.ActiveCfg = Release|Any CPU
		{8BA5C3CD-0670-405C-98DE-82C58D499DC3}.Release|Any CPU.Build.0 = Release|Any CPU
	EndGlobalSection
	GlobalSection(SolutionProperties) = preSolution
		HideSolutionNode = FALSE
	EndGlobalSection
	GlobalSection(ExtensibilityGlobals) = postSolution
		SolutionGuid = {B480B022-C671-40D4-8762-C155CC51FF8C}
	EndGlobalSection
EndGlobal
